// !$*UTF8*$!
{
	archiveVersion = 1;
	classes = {
	};
	objectVersion = 48;
	objects = {

/* Begin PBXBuildFile section */
		566296A220AEF843007E4C77 /* AppDelegate.m in Sources */ = {isa = PBXBuildFile; fileRef = 566296A120AEF843007E4C77 /* AppDelegate.m */; };
		566296A420AEF843007E4C77 /* Assets.xcassets in Resources */ = {isa = PBXBuildFile; fileRef = 566296A320AEF843007E4C77 /* Assets.xcassets */; };
		566296A720AEF843007E4C77 /* MainMenu.xib in Resources */ = {isa = PBXBuildFile; fileRef = 566296A520AEF843007E4C77 /* MainMenu.xib */; };
		566296AA20AEF843007E4C77 /* main.m in Sources */ = {isa = PBXBuildFile; fileRef = 566296A920AEF843007E4C77 /* main.m */; };
		566296B420AEF8B2007E4C77 /* MetalKit.framework in Frameworks */ = {isa = PBXBuildFile; fileRef = 566296B320AEF8AF007E4C77 /* MetalKit.framework */; };
		566296B520AEF8B2007E4C77 /* Metal.framework in Frameworks */ = {isa = PBXBuildFile; fileRef = 566296B220AEF8AA007E4C77 /* Metal.framework */; };
		566296B820AEF8EB007E4C77 /* MetalViewController.m in Sources */ = {isa = PBXBuildFile; fileRef = 566296B720AEF8EB007E4C77 /* MetalViewController.m */; };
		566296BE20AEF9DB007E4C77 /* Shaders.metal in Sources */ = {isa = PBXBuildFile; fileRef = 566296BD20AEF9DB007E4C77 /* Shaders.metal */; };
		56CCABFA20AF1F83006C098C /* BasicSceneRenderer.m in Sources */ = {isa = PBXBuildFile; fileRef = 56CCABF920AF1F83006C098C /* BasicSceneRenderer.m */; };
		56CCABFE20AF24DE006C098C /* TextureRenderer.m in Sources */ = {isa = PBXBuildFile; fileRef = 56CCABFD20AF24DE006C098C /* TextureRenderer.m */; };
		842EBD6C242E3C6C009D1D67 /* Syphon.framework in Frameworks */ = {isa = PBXBuildFile; fileRef = 842EBD6B242E3C6C009D1D67 /* Syphon.framework */; };
		842EBD6D242E3C7E009D1D67 /* Syphon.framework in Copy Frameworks */ = {isa = PBXBuildFile; fileRef = 842EBD6B242E3C6C009D1D67 /* Syphon.framework */; settings = {ATTRIBUTES = (CodeSignOnCopy, RemoveHeadersOnCopy, ); }; };
/* End PBXBuildFile section */

/* Begin PBXCopyFilesBuildPhase section */
		566296C120AF00C6007E4C77 /* Copy Frameworks */ = {
			isa = PBXCopyFilesBuildPhase;
			buildActionMask = 2147483647;
			dstPath = "";
			dstSubfolderSpec = 10;
			files = (
				842EBD6D242E3C7E009D1D67 /* Syphon.framework in Copy Frameworks */,
			);
			name = "Copy Frameworks";
			runOnlyForDeploymentPostprocessing = 0;
		};
/* End PBXCopyFilesBuildPhase section */

/* Begin PBXFileReference section */
		5662969D20AEF843007E4C77 /* MetalSyphonServer.app */ = {isa = PBXFileReference; explicitFileType = wrapper.application; includeInIndex = 0; path = MetalSyphonServer.app; sourceTree = BUILT_PRODUCTS_DIR; };
		566296A020AEF843007E4C77 /* AppDelegate.h */ = {isa = PBXFileReference; lastKnownFileType = sourcecode.c.h; path = AppDelegate.h; sourceTree = "<group>"; };
		566296A120AEF843007E4C77 /* AppDelegate.m */ = {isa = PBXFileReference; lastKnownFileType = sourcecode.c.objc; path = AppDelegate.m; sourceTree = "<group>"; };
		566296A320AEF843007E4C77 /* Assets.xcassets */ = {isa = PBXFileReference; lastKnownFileType = folder.assetcatalog; path = Assets.xcassets; sourceTree = "<group>"; };
		566296A620AEF843007E4C77 /* Base */ = {isa = PBXFileReference; lastKnownFileType = file.xib; name = Base; path = Base.lproj/MainMenu.xib; sourceTree = "<group>"; };
		566296A820AEF843007E4C77 /* Info.plist */ = {isa = PBXFileReference; lastKnownFileType = text.plist.xml; path = Info.plist; sourceTree = "<group>"; };
		566296A920AEF843007E4C77 /* main.m */ = {isa = PBXFileReference; lastKnownFileType = sourcecode.c.objc; path = main.m; sourceTree = "<group>"; };
		566296AB20AEF843007E4C77 /* MetalSyphonServer.entitlements */ = {isa = PBXFileReference; lastKnownFileType = text.plist.entitlements; path = MetalSyphonServer.entitlements; sourceTree = "<group>"; };
		566296B220AEF8AA007E4C77 /* Metal.framework */ = {isa = PBXFileReference; lastKnownFileType = wrapper.framework; name = Metal.framework; path = System/Library/Frameworks/Metal.framework; sourceTree = SDKROOT; };
		566296B320AEF8AF007E4C77 /* MetalKit.framework */ = {isa = PBXFileReference; lastKnownFileType = wrapper.framework; name = MetalKit.framework; path = System/Library/Frameworks/MetalKit.framework; sourceTree = SDKROOT; };
		566296B620AEF8EB007E4C77 /* MetalViewController.h */ = {isa = PBXFileReference; lastKnownFileType = sourcecode.c.h; path = MetalViewController.h; sourceTree = "<group>"; };
		566296B720AEF8EB007E4C77 /* MetalViewController.m */ = {isa = PBXFileReference; lastKnownFileType = sourcecode.c.objc; path = MetalViewController.m; sourceTree = "<group>"; };
		566296BC20AEF9B9007E4C77 /* AAPLShaderTypes.h */ = {isa = PBXFileReference; lastKnownFileType = sourcecode.c.h; path = AAPLShaderTypes.h; sourceTree = "<group>"; };
		566296BD20AEF9DB007E4C77 /* Shaders.metal */ = {isa = PBXFileReference; lastKnownFileType = sourcecode.metal; path = Shaders.metal; sourceTree = "<group>"; };
		56CCABF820AF1F83006C098C /* BasicSceneRenderer.h */ = {isa = PBXFileReference; lastKnownFileType = sourcecode.c.h; path = BasicSceneRenderer.h; sourceTree = "<group>"; };
		56CCABF920AF1F83006C098C /* BasicSceneRenderer.m */ = {isa = PBXFileReference; lastKnownFileType = sourcecode.c.objc; path = BasicSceneRenderer.m; sourceTree = "<group>"; };
		56CCABFC20AF24DE006C098C /* TextureRenderer.h */ = {isa = PBXFileReference; lastKnownFileType = sourcecode.c.h; path = TextureRenderer.h; sourceTree = "<group>"; };
		56CCABFD20AF24DE006C098C /* TextureRenderer.m */ = {isa = PBXFileReference; lastKnownFileType = sourcecode.c.objc; path = TextureRenderer.m; sourceTree = "<group>"; };
		842EBD6B242E3C6C009D1D67 /* Syphon.framework */ = {isa = PBXFileReference; lastKnownFileType = wrapper.framework; path = Syphon.framework; sourceTree = "<group>"; };
/* End PBXFileReference section */

/* Begin PBXFrameworksBuildPhase section */
		5662969A20AEF843007E4C77 /* Frameworks */ = {
			isa = PBXFrameworksBuildPhase;
			buildActionMask = 2147483647;
			files = (
				566296B420AEF8B2007E4C77 /* MetalKit.framework in Frameworks */,
				842EBD6C242E3C6C009D1D67 /* Syphon.framework in Frameworks */,
				566296B520AEF8B2007E4C77 /* Metal.framework in Frameworks */,
			);
			runOnlyForDeploymentPostprocessing = 0;
		};
/* End PBXFrameworksBuildPhase section */

/* Begin PBXGroup section */
		5662969420AEF843007E4C77 = {
			isa = PBXGroup;
			children = (
				842EBD6B242E3C6C009D1D67 /* Syphon.framework */,
				566296BC20AEF9B9007E4C77 /* AAPLShaderTypes.h */,
				566296BD20AEF9DB007E4C77 /* Shaders.metal */,
				56CCABFB20AF24C8006C098C /* Renderers */,
				566296A520AEF843007E4C77 /* MainMenu.xib */,
				566296B620AEF8EB007E4C77 /* MetalViewController.h */,
				566296B720AEF8EB007E4C77 /* MetalViewController.m */,
				566296A020AEF843007E4C77 /* AppDelegate.h */,
				566296A120AEF843007E4C77 /* AppDelegate.m */,
				566296A320AEF843007E4C77 /* Assets.xcassets */,
				566296A820AEF843007E4C77 /* Info.plist */,
				566296A920AEF843007E4C77 /* main.m */,
				566296AB20AEF843007E4C77 /* MetalSyphonServer.entitlements */,
				5662969E20AEF843007E4C77 /* Products */,
				566296B120AEF8AA007E4C77 /* Frameworks */,
			);
			sourceTree = "<group>";
		};
		5662969E20AEF843007E4C77 /* Products */ = {
			isa = PBXGroup;
			children = (
				5662969D20AEF843007E4C77 /* MetalSyphonServer.app */,
			);
			name = Products;
			sourceTree = "<group>";
		};
		566296B120AEF8AA007E4C77 /* Frameworks */ = {
			isa = PBXGroup;
			children = (
				566296B320AEF8AF007E4C77 /* MetalKit.framework */,
				566296B220AEF8AA007E4C77 /* Metal.framework */,
			);
			name = Frameworks;
			sourceTree = "<group>";
		};
		56CCABFB20AF24C8006C098C /* Renderers */ = {
			isa = PBXGroup;
			children = (
				56CCABF820AF1F83006C098C /* BasicSceneRenderer.h */,
				56CCABF920AF1F83006C098C /* BasicSceneRenderer.m */,
				56CCABFC20AF24DE006C098C /* TextureRenderer.h */,
				56CCABFD20AF24DE006C098C /* TextureRenderer.m */,
			);
			path = Renderers;
			sourceTree = "<group>";
		};
/* End PBXGroup section */

/* Begin PBXNativeTarget section */
		5662969C20AEF843007E4C77 /* MetalSyphonServer */ = {
			isa = PBXNativeTarget;
			buildConfigurationList = 566296AE20AEF843007E4C77 /* Build configuration list for PBXNativeTarget "MetalSyphonServer" */;
			buildPhases = (
				5662969920AEF843007E4C77 /* Sources */,
				5662969A20AEF843007E4C77 /* Frameworks */,
				5662969B20AEF843007E4C77 /* Resources */,
				566296C120AF00C6007E4C77 /* Copy Frameworks */,
			);
			buildRules = (
			);
			dependencies = (
			);
			name = MetalSyphonServer;
			productName = MetalSyphonServer;
			productReference = 5662969D20AEF843007E4C77 /* MetalSyphonServer.app */;
			productType = "com.apple.product-type.application";
		};
/* End PBXNativeTarget section */

/* Begin PBXProject section */
		5662969520AEF843007E4C77 /* Project object */ = {
			isa = PBXProject;
			attributes = {
				LastUpgradeCheck = 0910;
				ORGANIZATIONNAME = Anomes;
				TargetAttributes = {
					5662969C20AEF843007E4C77 = {
						CreatedOnToolsVersion = 9.1;
						ProvisioningStyle = Automatic;
					};
				};
			};
			buildConfigurationList = 5662969820AEF843007E4C77 /* Build configuration list for PBXProject "MetalSyphonServer" */;
			compatibilityVersion = "Xcode 8.0";
			developmentRegion = en;
			hasScannedForEncodings = 0;
			knownRegions = (
				en,
				Base,
			);
			mainGroup = 5662969420AEF843007E4C77;
			productRefGroup = 5662969E20AEF843007E4C77 /* Products */;
			projectDirPath = "";
			projectRoot = "";
			targets = (
				5662969C20AEF843007E4C77 /* MetalSyphonServer */,
			);
		};
/* End PBXProject section */

/* Begin PBXResourcesBuildPhase section */
		5662969B20AEF843007E4C77 /* Resources */ = {
			isa = PBXResourcesBuildPhase;
			buildActionMask = 2147483647;
			files = (
				566296A420AEF843007E4C77 /* Assets.xcassets in Resources */,
				566296A720AEF843007E4C77 /* MainMenu.xib in Resources */,
			);
			runOnlyForDeploymentPostprocessing = 0;
		};
/* End PBXResourcesBuildPhase section */

/* Begin PBXSourcesBuildPhase section */
		5662969920AEF843007E4C77 /* Sources */ = {
			isa = PBXSourcesBuildPhase;
			buildActionMask = 2147483647;
			files = (
				56CCABFE20AF24DE006C098C /* TextureRenderer.m in Sources */,
				566296BE20AEF9DB007E4C77 /* Shaders.metal in Sources */,
				566296B820AEF8EB007E4C77 /* MetalViewController.m in Sources */,
				566296AA20AEF843007E4C77 /* main.m in Sources */,
				56CCABFA20AF1F83006C098C /* BasicSceneRenderer.m in Sources */,
				566296A220AEF843007E4C77 /* AppDelegate.m in Sources */,
			);
			runOnlyForDeploymentPostprocessing = 0;
		};
/* End PBXSourcesBuildPhase section */

/* Begin PBXVariantGroup section */
		566296A520AEF843007E4C77 /* MainMenu.xib */ = {
			isa = PBXVariantGroup;
			children = (
				566296A620AEF843007E4C77 /* Base */,
			);
			name = MainMenu.xib;
			sourceTree = "<group>";
		};
/* End PBXVariantGroup section */

/* Begin XCBuildConfiguration section */
		566296AC20AEF843007E4C77 /* Debug */ = {
			isa = XCBuildConfiguration;
			buildSettings = {
				ALWAYS_SEARCH_USER_PATHS = NO;
				CLANG_ANALYZER_NONNULL = YES;
				CLANG_ANALYZER_NUMBER_OBJECT_CONVERSION = YES_AGGRESSIVE;
				CLANG_CXX_LANGUAGE_STANDARD = "gnu++14";
				CLANG_CXX_LIBRARY = "libc++";
				CLANG_ENABLE_MODULES = YES;
				CLANG_ENABLE_OBJC_ARC = YES;
				CLANG_WARN_BLOCK_CAPTURE_AUTORELEASING = YES;
				CLANG_WARN_BOOL_CONVERSION = YES;
				CLANG_WARN_COMMA = YES;
				CLANG_WARN_CONSTANT_CONVERSION = YES;
				CLANG_WARN_DIRECT_OBJC_ISA_USAGE = YES_ERROR;
				CLANG_WARN_DOCUMENTATION_COMMENTS = YES;
				CLANG_WARN_EMPTY_BODY = YES;
				CLANG_WARN_ENUM_CONVERSION = YES;
				CLANG_WARN_INFINITE_RECURSION = YES;
				CLANG_WARN_INT_CONVERSION = YES;
				CLANG_WARN_NON_LITERAL_NULL_CONVERSION = YES;
				CLANG_WARN_OBJC_LITERAL_CONVERSION = YES;
				CLANG_WARN_OBJC_ROOT_CLASS = YES_ERROR;
				CLANG_WARN_RANGE_LOOP_ANALYSIS = YES;
				CLANG_WARN_STRICT_PROTOTYPES = YES;
				CLANG_WARN_SUSPICIOUS_MOVE = YES;
				CLANG_WARN_UNGUARDED_AVAILABILITY = YES_AGGRESSIVE;
				CLANG_WARN_UNREACHABLE_CODE = YES;
				CLANG_WARN__DUPLICATE_METHOD_MATCH = YES;
				CODE_SIGN_IDENTITY = "-";
				COPY_PHASE_STRIP = NO;
				DEBUG_INFORMATION_FORMAT = dwarf;
				ENABLE_STRICT_OBJC_MSGSEND = YES;
				ENABLE_TESTABILITY = YES;
				GCC_C_LANGUAGE_STANDARD = gnu11;
				GCC_DYNAMIC_NO_PIC = NO;
				GCC_NO_COMMON_BLOCKS = YES;
				GCC_OPTIMIZATION_LEVEL = 0;
				GCC_PREPROCESSOR_DEFINITIONS = (
					"DEBUG=1",
					"$(inherited)",
				);
				GCC_WARN_64_TO_32_BIT_CONVERSION = YES;
				GCC_WARN_ABOUT_RETURN_TYPE = YES_ERROR;
				GCC_WARN_UNDECLARED_SELECTOR = YES;
				GCC_WARN_UNINITIALIZED_AUTOS = YES_AGGRESSIVE;
				GCC_WARN_UNUSED_FUNCTION = YES;
				GCC_WARN_UNUSED_VARIABLE = YES;
				MACOSX_DEPLOYMENT_TARGET = 10.12;
				MTL_ENABLE_DEBUG_INFO = YES;
				ONLY_ACTIVE_ARCH = YES;
				SDKROOT = macosx;
			};
			name = Debug;
		};
		566296AD20AEF843007E4C77 /* Release */ = {
			isa = XCBuildConfiguration;
			buildSettings = {
				ALWAYS_SEARCH_USER_PATHS = NO;
				CLANG_ANALYZER_NONNULL = YES;
				CLANG_ANALYZER_NUMBER_OBJECT_CONVERSION = YES_AGGRESSIVE;
				CLANG_CXX_LANGUAGE_STANDARD = "gnu++14";
				CLANG_CXX_LIBRARY = "libc++";
				CLANG_ENABLE_MODULES = YES;
				CLANG_ENABLE_OBJC_ARC = YES;
				CLANG_WARN_BLOCK_CAPTURE_AUTORELEASING = YES;
				CLANG_WARN_BOOL_CONVERSION = YES;
				CLANG_WARN_COMMA = YES;
				CLANG_WARN_CONSTANT_CONVERSION = YES;
				CLANG_WARN_DIRECT_OBJC_ISA_USAGE = YES_ERROR;
				CLANG_WARN_DOCUMENTATION_COMMENTS = YES;
				CLANG_WARN_EMPTY_BODY = YES;
				CLANG_WARN_ENUM_CONVERSION = YES;
				CLANG_WARN_INFINITE_RECURSION = YES;
				CLANG_WARN_INT_CONVERSION = YES;
				CLANG_WARN_NON_LITERAL_NULL_CONVERSION = YES;
				CLANG_WARN_OBJC_LITERAL_CONVERSION = YES;
				CLANG_WARN_OBJC_ROOT_CLASS = YES_ERROR;
				CLANG_WARN_RANGE_LOOP_ANALYSIS = YES;
				CLANG_WARN_STRICT_PROTOTYPES = YES;
				CLANG_WARN_SUSPICIOUS_MOVE = YES;
				CLANG_WARN_UNGUARDED_AVAILABILITY = YES_AGGRESSIVE;
				CLANG_WARN_UNREACHABLE_CODE = YES;
				CLANG_WARN__DUPLICATE_METHOD_MATCH = YES;
				CODE_SIGN_IDENTITY = "-";
				COPY_PHASE_STRIP = NO;
				DEBUG_INFORMATION_FORMAT = "dwarf-with-dsym";
				ENABLE_NS_ASSERTIONS = NO;
				ENABLE_STRICT_OBJC_MSGSEND = YES;
				GCC_C_LANGUAGE_STANDARD = gnu11;
				GCC_NO_COMMON_BLOCKS = YES;
				GCC_WARN_64_TO_32_BIT_CONVERSION = YES;
				GCC_WARN_ABOUT_RETURN_TYPE = YES_ERROR;
				GCC_WARN_UNDECLARED_SELECTOR = YES;
				GCC_WARN_UNINITIALIZED_AUTOS = YES_AGGRESSIVE;
				GCC_WARN_UNUSED_FUNCTION = YES;
				GCC_WARN_UNUSED_VARIABLE = YES;
				MACOSX_DEPLOYMENT_TARGET = 10.12;
				MTL_ENABLE_DEBUG_INFO = NO;
				SDKROOT = macosx;
			};
			name = Release;
		};
		566296AF20AEF843007E4C77 /* Debug */ = {
			isa = XCBuildConfiguration;
			buildSettings = {
				ASSETCATALOG_COMPILER_APPICON_NAME = AppIcon;
				CODE_SIGN_ENTITLEMENTS = MetalSyphonServer.entitlements;
				CODE_SIGN_STYLE = Automatic;
				COMBINE_HIDPI_IMAGES = YES;
				FRAMEWORK_SEARCH_PATHS = (
					"$(inherited)",
					"$(PROJECT_DIR)/**",
				);
				INFOPLIST_FILE = Info.plist;
				LD_RUNPATH_SEARCH_PATHS = "$(inherited) @executable_path/../Frameworks";
				PRODUCT_BUNDLE_IDENTIFIER = anomes.mto.MetalSyphonServer;
				PRODUCT_NAME = "$(TARGET_NAME)";
			};
			name = Debug;
		};
		566296B020AEF843007E4C77 /* Release */ = {
			isa = XCBuildConfiguration;
			buildSettings = {
				ASSETCATALOG_COMPILER_APPICON_NAME = AppIcon;
				CODE_SIGN_ENTITLEMENTS = MetalSyphonServer.entitlements;
				CODE_SIGN_STYLE = Automatic;
				COMBINE_HIDPI_IMAGES = YES;
				FRAMEWORK_SEARCH_PATHS = (
					"$(inherited)",
					"$(PROJECT_DIR)/**",
				);
				INFOPLIST_FILE = Info.plist;
				LD_RUNPATH_SEARCH_PATHS = "$(inherited) @executable_path/../Frameworks";
				PRODUCT_BUNDLE_IDENTIFIER = anomes.mto.MetalSyphonServer;
				PRODUCT_NAME = "$(TARGET_NAME)";
			};
			name = Release;
		};
/* End XCBuildConfiguration section */

/* Begin XCConfigurationList section */
		5662969820AEF843007E4C77 /* Build configuration list for PBXProject "MetalSyphonServer" */ = {
			isa = XCConfigurationList;
			buildConfigurations = (
				566296AC20AEF843007E4C77 /* Debug */,
				566296AD20AEF843007E4C77 /* Release */,
			);
			defaultConfigurationIsVisible = 0;
			defaultConfigurationName = Release;
		};
		566296AE20AEF843007E4C77 /* Build configuration list for PBXNativeTarget "MetalSyphonServer" */ = {
			isa = XCConfigurationList;
			buildConfigurations = (
				566296AF20AEF843007E4C77 /* Debug */,
				566296B020AEF843007E4C77 /* Release */,
			);
			defaultConfigurationIsVisible = 0;
			defaultConfigurationName = Release;
		};
/* End XCConfigurationList section */
	};
	rootObject = 5662969520AEF843007E4C77 /* Project object */;
}
